
Microsoft Visual Studio Solution File, Format Version 12.00
# Visual Studio Version 16
VisualStudioVersion = 16.0.29609.76
MinimumVisualStudioVersion = 10.0.40219.1
Project("{FAE04EC0-301F-11D3-BF4B-00C04F79EFBC}") = "ScheduleNoti", "ScheduleNoti.csproj", "{0DD62FBD-EAB2-497B-901F-F44E3FFB295B}"
EndProject
Global
	GlobalSection(SolutionConfigurationPlatforms) = preSolution
		Debug|Any CPU = Debug|Any CPU
		Release|Any CPU = Release|Any CPU
	EndGlobalSection
	GlobalSection(ProjectConfigurationPlatforms) = postSolution
		{0DD62FBD-EAB2-497B-901F-F44E3FFB295B}.Debug|Any CPU.ActiveCfg = Debug|Any CPU
		{0DD62FBD-EAB2-497B-901F-F44E3FFB295B}.Debug|Any CPU.Build.0 = Debug|Any CPU
		{0DD62FBD-EAB2-497B-901F-F44E3FFB295B}.Release|Any CPU.ActiveCfg = Release|Any CPU
		{0DD62FBD-EAB2-497B-901F-F44E3FFB295B}.Release|Any CPU.Build.0 = Release|Any CPU
	EndGlobalSection
	GlobalSection(SolutionProperties) = preSolution
		HideSolutionNode = FALSE
	EndGlobalSection
	GlobalSection(ExtensibilityGlobals) = postSolution
		SolutionGuid = {98CF5E56-C0AD-4058-BA8C-7D87F51C3BEF}
	EndGlobalSection
EndGlobal
